
Microsoft Visual Studio Solution File, Format Version 12.00
# Visual Studio 15
VisualStudioVersion = 15.0.27130.2027
MinimumVisualStudioVersion = 10.0.40219.1
Project("{FAE04EC0-301F-11D3-BF4B-00C04F79EFBC}") = "JodeWare.Android", "JodeWare\JodeWare.Android\JodeWare.Android.csproj", "{13848003-9F48-435C-A0BC-C46A702FAC30}"
EndProject
Project("{FAE04EC0-301F-11D3-BF4B-00C04F79EFBC}") = "JodeWare.iOS", "JodeWare\JodeWare.iOS\JodeWare.iOS.csproj", "{333236DF-88A0-49EA-9986-0C2BEB2C1933}"
EndProject
Project("{FAE04EC0-301F-11D3-BF4B-00C04F79EFBC}") = "JodeWare.UWP", "JodeWare\JodeWare.UWP\JodeWare.UWP.csproj", "{808840BF-AD64-4155-9C41-461A415ABC2A}"
EndProject
Project("{D954291E-2A0B-460D-934E-DC6B0785DB48}") = "JodeWare", "JodeWare\JodeWare\JodeWare.shproj", "{0F1E6ED8-397B-488E-8E52-4DB10D88536A}"
EndProject
Global
	GlobalSection(SharedMSBuildProjectFiles) = preSolution
		JodeWare\JodeWare\JodeWare.projitems*{0f1e6ed8-397b-488e-8e52-4db10d88536a}*SharedItemsImports = 13
		JodeWare\JodeWare\JodeWare.projitems*{13848003-9f48-435c-a0bc-c46a702fac30}*SharedItemsImports = 4
		JodeWare\JodeWare\JodeWare.projitems*{333236df-88a0-49ea-9986-0c2beb2c1933}*SharedItemsImports = 4
		JodeWare\JodeWare\JodeWare.projitems*{808840bf-ad64-4155-9c41-461a415abc2a}*SharedItemsImports = 4
	EndGlobalSection
	GlobalSection(SolutionConfigurationPlatforms) = preSolution
		Ad-Hoc|Any CPU = Ad-Hoc|Any CPU
		Ad-Hoc|ARM = Ad-Hoc|ARM
		Ad-Hoc|iPhone = Ad-Hoc|iPhone
		Ad-Hoc|iPhoneSimulator = Ad-Hoc|iPhoneSimulator
		Ad-Hoc|x64 = Ad-Hoc|x64
		Ad-Hoc|x86 = Ad-Hoc|x86
		AppStore|Any CPU = AppStore|Any CPU
		AppStore|ARM = AppStore|ARM
		AppStore|iPhone = AppStore|iPhone
		AppStore|iPhoneSimulator = AppStore|iPhoneSimulator
		AppStore|x64 = AppStore|x64
		AppStore|x86 = AppStore|x86
		Debug|Any CPU = Debug|Any CPU
		Debug|ARM = Debug|ARM
		Debug|iPhone = Debug|iPhone
		Debug|iPhoneSimulator = Debug|iPhoneSimulator
		Debug|x64 = Debug|x64
		Debug|x86 = Debug|x86
		Release|Any CPU = Release|Any CPU
		Release|ARM = Release|ARM
		Release|iPhone = Release|iPhone
		Release|iPhoneSimulator = Release|iPhoneSimulator
		Release|x64 = Release|x64
		Release|x86 = Release|x86
	EndGlobalSection
	GlobalSection(ProjectConfigurationPlatforms) = postSolution
		{13848003-9F48-435C-A0BC-C46A702FAC30}.Ad-Hoc|Any CPU.ActiveCfg = Release|Any CPU
		{13848003-9F48-435C-A0BC-C46A702FAC30}.Ad-Hoc|Any CPU.Build.0 = Release|Any CPU
		{13848003-9F48-435C-A0BC-C46A702FAC30}.Ad-Hoc|Any CPU.Deploy.0 = Release|Any CPU
		{13848003-9F48-435C-A0BC-C46A702FAC30}.Ad-Hoc|ARM.ActiveCfg = Release|Any CPU
		{13848003-9F48-435C-A0BC-C46A702FAC30}.Ad-Hoc|ARM.Build.0 = Release|Any CPU
		{13848003-9F48-435C-A0BC-C46A702FAC30}.Ad-Hoc|ARM.Deploy.0 = Release|Any CPU
		{13848003-9F48-435C-A0BC-C46A702FAC30}.Ad-Hoc|iPhone.ActiveCfg = Release|Any CPU
		{13848003-9F48-435C-A0BC-C46A702FAC30}.Ad-Hoc|iPhone.Build.0 = Release|Any CPU
		{13848003-9F48-435C-A0BC-C46A702FAC30}.Ad-Hoc|iPhone.Deploy.0 = Release|Any CPU
		{13848003-9F48-435C-A0BC-C46A702FAC30}.Ad-Hoc|iPhoneSimulator.ActiveCfg = Release|Any CPU
		{13848003-9F48-435C-A0BC-C46A702FAC30}.Ad-Hoc|iPhoneSimulator.Build.0 = Release|Any CPU
		{13848003-9F48-435C-A0BC-C46A702FAC30}.Ad-Hoc|iPhoneSimulator.Deploy.0 = Release|Any CPU
		{13848003-9F48-435C-A0BC-C46A702FAC30}.Ad-Hoc|x64.ActiveCfg = Release|Any CPU
		{13848003-9F48-435C-A0BC-C46A702FAC30}.Ad-Hoc|x64.Build.0 = Release|Any CPU
		{13848003-9F48-435C-A0BC-C46A702FAC30}.Ad-Hoc|x64.Deploy.0 = Release|Any CPU
		{13848003-9F48-435C-A0BC-C46A702FAC30}.Ad-Hoc|x86.ActiveCfg = Release|Any CPU
		{13848003-9F48-435C-A0BC-C46A702FAC30}.Ad-Hoc|x86.Build.0 = Release|Any CPU
		{13848003-9F48-435C-A0BC-C46A702FAC30}.Ad-Hoc|x86.Deploy.0 = Release|Any CPU
		{13848003-9F48-435C-A0BC-C46A702FAC30}.AppStore|Any CPU.ActiveCfg = Release|Any CPU
		{13848003-9F48-435C-A0BC-C46A702FAC30}.AppStore|Any CPU.Build.0 = Release|Any CPU
		{13848003-9F48-435C-A0BC-C46A702FAC30}.AppStore|Any CPU.Deploy.0 = Release|Any CPU
		{13848003-9F48-435C-A0BC-C46A702FAC30}.AppStore|ARM.ActiveCfg = Release|Any CPU
		{13848003-9F48-435C-A0BC-C46A702FAC30}.AppStore|ARM.Build.0 = Release|Any CPU
		{13848003-9F48-435C-A0BC-C46A702FAC30}.AppStore|ARM.Deploy.0 = Release|Any CPU
		{13848003-9F48-435C-A0BC-C46A702FAC30}.AppStore|iPhone.ActiveCfg = Release|Any CPU
		{13848003-9F48-435C-A0BC-C46A702FAC30}.AppStore|iPhone.Build.0 = Release|Any CPU
		{13848003-9F48-435C-A0BC-C46A702FAC30}.AppStore|iPhone.Deploy.0 = Release|Any CPU
		{13848003-9F48-435C-A0BC-C46A702FAC30}.AppStore|iPhoneSimulator.ActiveCfg = Release|Any CPU
		{13848003-9F48-435C-A0BC-C46A702FAC30}.AppStore|iPhoneSimulator.Build.0 = Release|Any CPU
		{13848003-9F48-435C-A0BC-C46A702FAC30}.AppStore|iPhoneSimulator.Deploy.0 = Release|Any CPU
		{13848003-9F48-435C-A0BC-C46A702FAC30}.AppStore|x64.ActiveCfg = Release|Any CPU
		{13848003-9F48-435C-A0BC-C46A702FAC30}.AppStore|x64.Build.0 = Release|Any CPU
		{13848003-9F48-435C-A0BC-C46A702FAC30}.AppStore|x64.Deploy.0 = Release|Any CPU
		{13848003-9F48-435C-A0BC-C46A702FAC30}.AppStore|x86.ActiveCfg = Release|Any CPU
		{13848003-9F48-435C-A0BC-C46A702FAC30}.AppStore|x86.Build.0 = Release|Any CPU
		{13848003-9F48-435C-A0BC-C46A702FAC30}.AppStore|x86.Deploy.0 = Release|Any CPU
		{13848003-9F48-435C-A0BC-C46A702FAC30}.Debug|Any CPU.ActiveCfg = Debug|Any CPU
		{13848003-9F48-435C-A0BC-C46A702FAC30}.Debug|Any CPU.Build.0 = Debug|Any CPU
		{13848003-9F48-435C-A0BC-C46A702FAC30}.Debug|Any CPU.Deploy.0 = Debug|Any CPU
		{13848003-9F48-435C-A0BC-C46A702FAC30}.Debug|ARM.ActiveCfg = Debug|Any CPU
		{13848003-9F48-435C-A0BC-C46A702FAC30}.Debug|ARM.Build.0 = Debug|Any CPU
		{13848003-9F48-435C-A0BC-C46A702FAC30}.Debug|ARM.Deploy.0 = Debug|Any CPU
		{13848003-9F48-435C-A0BC-C46A702FAC30}.Debug|iPhone.ActiveCfg = Debug|Any CPU
		{13848003-9F48-435C-A0BC-C46A702FAC30}.Debug|iPhone.Build.0 = Debug|Any CPU
		{13848003-9F48-435C-A0BC-C46A702FAC30}.Debug|iPhone.Deploy.0 = Debug|Any CPU
		{13848003-9F48-435C-A0BC-C46A702FAC30}.Debug|iPhoneSimulator.ActiveCfg = Debug|Any CPU
		{13848003-9F48-435C-A0BC-C46A702FAC30}.Debug|iPhoneSimulator.Build.0 = Debug|Any CPU
		{13848003-9F48-435C-A0BC-C46A702FAC30}.Debug|iPhoneSimulator.Deploy.0 = Debug|Any CPU
		{13848003-9F48-435C-A0BC-C46A702FAC30}.Debug|x64.ActiveCfg = Debug|Any CPU
		{13848003-9F48-435C-A0BC-C46A702FAC30}.Debug|x64.Build.0 = Debug|Any CPU
		{13848003-9F48-435C-A0BC-C46A702FAC30}.Debug|x64.Deploy.0 = Debug|Any CPU
		{13848003-9F48-435C-A0BC-C46A702FAC30}.Debug|x86.ActiveCfg = Debug|Any CPU
		{13848003-9F48-435C-A0BC-C46A702FAC30}.Debug|x86.Build.0 = Debug|Any CPU
		{13848003-9F48-435C-A0BC-C46A702FAC30}.Debug|x86.Deploy.0 = Debug|Any CPU
		{13848003-9F48-435C-A0BC-C46A702FAC30}.Release|Any CPU.ActiveCfg = Release|Any CPU
		{13848003-9F48-435C-A0BC-C46A702FAC30}.Release|Any CPU.Build.0 = Release|Any CPU
		{13848003-9F48-435C-A0BC-C46A702FAC30}.Release|Any CPU.Deploy.0 = Release|Any CPU
		{13848003-9F48-435C-A0BC-C46A702FAC30}.Release|ARM.ActiveCfg = Release|Any CPU
		{13848003-9F48-435C-A0BC-C46A702FAC30}.Release|ARM.Build.0 = Release|Any CPU
		{13848003-9F48-435C-A0BC-C46A702FAC30}.Release|ARM.Deploy.0 = Release|Any CPU
		{13848003-9F48-435C-A0BC-C46A702FAC30}.Release|iPhone.ActiveCfg = Release|Any CPU
		{13848003-9F48-435C-A0BC-C46A702FAC30}.Release|iPhone.Build.0 = Release|Any CPU
		{13848003-9F48-435C-A0BC-C46A702FAC30}.Release|iPhone.Deploy.0 = Release|Any CPU
		{13848003-9F48-435C-A0BC-C46A702FAC30}.Release|iPhoneSimulator.ActiveCfg = Release|Any CPU
		{13848003-9F48-435C-A0BC-C46A702FAC30}.Release|iPhoneSimulator.Build.0 = Release|Any CPU
		{13848003-9F48-435C-A0BC-C46A702FAC30}.Release|iPhoneSimulator.Deploy.0 = Release|Any CPU
		{13848003-9F48-435C-A0BC-C46A702FAC30}.Release|x64.ActiveCfg = Release|Any CPU
		{13848003-9F48-435C-A0BC-C46A702FAC30}.Release|x64.Build.0 = Release|Any CPU
		{13848003-9F48-435C-A0BC-C46A702FAC30}.Release|x64.Deploy.0 = Release|Any CPU
		{13848003-9F48-435C-A0BC-C46A702FAC30}.Release|x86.ActiveCfg = Release|Any CPU
		{13848003-9F48-435C-A0BC-C46A702FAC30}.Release|x86.Build.0 = Release|Any CPU
		{13848003-9F48-435C-A0BC-C46A702FAC30}.Release|x86.Deploy.0 = Release|Any CPU
		{333236DF-88A0-49EA-9986-0C2BEB2C1933}.Ad-Hoc|Any CPU.ActiveCfg = Ad-Hoc|iPhone
		{333236DF-88A0-49EA-9986-0C2BEB2C1933}.Ad-Hoc|ARM.ActiveCfg = Ad-Hoc|iPhone
		{333236DF-88A0-49EA-9986-0C2BEB2C1933}.Ad-Hoc|iPhone.ActiveCfg = Ad-Hoc|iPhone
		{333236DF-88A0-49EA-9986-0C2BEB2C1933}.Ad-Hoc|iPhone.Build.0 = Ad-Hoc|iPhone
		{333236DF-88A0-49EA-9986-0C2BEB2C1933}.Ad-Hoc|iPhoneSimulator.ActiveCfg = Ad-Hoc|iPhoneSimulator
		{333236DF-88A0-49EA-9986-0C2BEB2C1933}.Ad-Hoc|iPhoneSimulator.Build.0 = Ad-Hoc|iPhoneSimulator
		{333236DF-88A0-49EA-9986-0C2BEB2C1933}.Ad-Hoc|x64.ActiveCfg = Ad-Hoc|iPhone
		{333236DF-88A0-49EA-9986-0C2BEB2C1933}.Ad-Hoc|x86.ActiveCfg = Ad-Hoc|iPhone
		{333236DF-88A0-49EA-9986-0C2BEB2C1933}.AppStore|Any CPU.ActiveCfg = AppStore|iPhone
		{333236DF-88A0-49EA-9986-0C2BEB2C1933}.AppStore|ARM.ActiveCfg = AppStore|iPhone
		{333236DF-88A0-49EA-9986-0C2BEB2C1933}.AppStore|iPhone.ActiveCfg = AppStore|iPhone
		{333236DF-88A0-49EA-9986-0C2BEB2C1933}.AppStore|iPhone.Build.0 = AppStore|iPhone
		{333236DF-88A0-49EA-9986-0C2BEB2C1933}.AppStore|iPhoneSimulator.ActiveCfg = AppStore|iPhoneSimulator
		{333236DF-88A0-49EA-9986-0C2BEB2C1933}.AppStore|iPhoneSimulator.Build.0 = AppStore|iPhoneSimulator
		{333236DF-88A0-49EA-9986-0C2BEB2C1933}.AppStore|x64.ActiveCfg = AppStore|iPhone
		{333236DF-88A0-49EA-9986-0C2BEB2C1933}.AppStore|x86.ActiveCfg = AppStore|iPhone
		{333236DF-88A0-49EA-9986-0C2BEB2C1933}.Debug|Any CPU.ActiveCfg = Debug|iPhone
		{333236DF-88A0-49EA-9986-0C2BEB2C1933}.Debug|ARM.ActiveCfg = Debug|iPhone
		{333236DF-88A0-49EA-9986-0C2BEB2C1933}.Debug|iPhone.ActiveCfg = Debug|iPhone
		{333236DF-88A0-49EA-9986-0C2BEB2C1933}.Debug|iPhone.Build.0 = Debug|iPhone
		{333236DF-88A0-49EA-9986-0C2BEB2C1933}.Debug|iPhoneSimulator.ActiveCfg = Debug|iPhoneSimulator
		{333236DF-88A0-49EA-9986-0C2BEB2C1933}.Debug|iPhoneSimulator.Build.0 = Debug|iPhoneSimulator
		{333236DF-88A0-49EA-9986-0C2BEB2C1933}.Debug|x64.ActiveCfg = Debug|iPhone
		{333236DF-88A0-49EA-9986-0C2BEB2C1933}.Debug|x86.ActiveCfg = Debug|iPhone
		{333236DF-88A0-49EA-9986-0C2BEB2C1933}.Release|Any CPU.ActiveCfg = Release|iPhone
		{333236DF-88A0-49EA-9986-0C2BEB2C1933}.Release|ARM.ActiveCfg = Release|iPhone
		{333236DF-88A0-49EA-9986-0C2BEB2C1933}.Release|iPhone.ActiveCfg = Release|iPhone
		{333236DF-88A0-49EA-9986-0C2BEB2C1933}.Release|iPhone.Build.0 = Release|iPhone
		{333236DF-88A0-49EA-9986-0C2BEB2C1933}.Release|iPhoneSimulator.ActiveCfg = Release|iPhoneSimulator
		{333236DF-88A0-49EA-9986-0C2BEB2C1933}.Release|iPhoneSimulator.Build.0 = Release|iPhoneSimulator
		{333236DF-88A0-49EA-9986-0C2BEB2C1933}.Release|x64.ActiveCfg = Release|iPhone
		{333236DF-88A0-49EA-9986-0C2BEB2C1933}.Release|x86.ActiveCfg = Release|iPhone
		{808840BF-AD64-4155-9C41-461A415ABC2A}.Ad-Hoc|Any CPU.ActiveCfg = Release|x86
		{808840BF-AD64-4155-9C41-461A415ABC2A}.Ad-Hoc|Any CPU.Build.0 = Release|x86
		{808840BF-AD64-4155-9C41-461A415ABC2A}.Ad-Hoc|Any CPU.Deploy.0 = Release|x86
		{808840BF-AD64-4155-9C41-461A415ABC2A}.Ad-Hoc|ARM.ActiveCfg = Release|ARM
		{808840BF-AD64-4155-9C41-461A415ABC2A}.Ad-Hoc|ARM.Build.0 = Release|ARM
		{808840BF-AD64-4155-9C41-461A415ABC2A}.Ad-Hoc|ARM.Deploy.0 = Release|ARM
		{808840BF-AD64-4155-9C41-461A415ABC2A}.Ad-Hoc|iPhone.ActiveCfg = Release|x86
		{808840BF-AD64-4155-9C41-461A415ABC2A}.Ad-Hoc|iPhone.Build.0 = Release|x86
		{808840BF-AD64-4155-9C41-461A415ABC2A}.Ad-Hoc|iPhone.Deploy.0 = Release|x86
		{808840BF-AD64-4155-9C41-461A415ABC2A}.Ad-Hoc|iPhoneSimulator.ActiveCfg = Release|x86
		{808840BF-AD64-4155-9C41-461A415ABC2A}.Ad-Hoc|iPhoneSimulator.Build.0 = Release|x86
		{808840BF-AD64-4155-9C41-461A415ABC2A}.Ad-Hoc|iPhoneSimulator.Deploy.0 = Release|x86
		{808840BF-AD64-4155-9C41-461A415ABC2A}.Ad-Hoc|x64.ActiveCfg = Release|x64
		{808840BF-AD64-4155-9C41-461A415ABC2A}.Ad-Hoc|x64.Build.0 = Release|x64
		{808840BF-AD64-4155-9C41-461A415ABC2A}.Ad-Hoc|x64.Deploy.0 = Release|x64
		{808840BF-AD64-4155-9C41-461A415ABC2A}.Ad-Hoc|x86.ActiveCfg = Release|x86
		{808840BF-AD64-4155-9C41-461A415ABC2A}.Ad-Hoc|x86.Build.0 = Release|x86
		{808840BF-AD64-4155-9C41-461A415ABC2A}.Ad-Hoc|x86.Deploy.0 = Release|x86
		{808840BF-AD64-4155-9C41-461A415ABC2A}.AppStore|Any CPU.ActiveCfg = Release|x86
		{808840BF-AD64-4155-9C41-461A415ABC2A}.AppStore|Any CPU.Build.0 = Release|x86
		{808840BF-AD64-4155-9C41-461A415ABC2A}.AppStore|Any CPU.Deploy.0 = Release|x86
		{808840BF-AD64-4155-9C41-461A415ABC2A}.AppStore|ARM.ActiveCfg = Release|ARM
		{808840BF-AD64-4155-9C41-461A415ABC2A}.AppStore|ARM.Build.0 = Release|ARM
		{808840BF-AD64-4155-9C41-461A415ABC2A}.AppStore|ARM.Deploy.0 = Release|ARM
		{808840BF-AD64-4155-9C41-461A415ABC2A}.AppStore|iPhone.ActiveCfg = Release|x86
		{808840BF-AD64-4155-9C41-461A415ABC2A}.AppStore|iPhone.Build.0 = Release|x86
		{808840BF-AD64-4155-9C41-461A415ABC2A}.AppStore|iPhone.Deploy.0 = Release|x86
		{808840BF-AD64-4155-9C41-461A415ABC2A}.AppStore|iPhoneSimulator.ActiveCfg = Release|x86
		{808840BF-AD64-4155-9C41-461A415ABC2A}.AppStore|iPhoneSimulator.Build.0 = Release|x86
		{808840BF-AD64-4155-9C41-461A415ABC2A}.AppStore|iPhoneSimulator.Deploy.0 = Release|x86
		{808840BF-AD64-4155-9C41-461A415ABC2A}.AppStore|x64.ActiveCfg = Release|x64
		{808840BF-AD64-4155-9C41-461A415ABC2A}.AppStore|x64.Build.0 = Release|x64
		{808840BF-AD64-4155-9C41-461A415ABC2A}.AppStore|x64.Deploy.0 = Release|x64
		{808840BF-AD64-4155-9C41-461A415ABC2A}.AppStore|x86.ActiveCfg = Release|x86
		{808840BF-AD64-4155-9C41-461A415ABC2A}.AppStore|x86.Build.0 = Release|x86
		{808840BF-AD64-4155-9C41-461A415ABC2A}.AppStore|x86.Deploy.0 = Release|x86
		{808840BF-AD64-4155-9C41-461A415ABC2A}.Debug|Any CPU.ActiveCfg = Debug|x86
		{808840BF-AD64-4155-9C41-461A415ABC2A}.Debug|ARM.ActiveCfg = Debug|ARM
		{808840BF-AD64-4155-9C41-461A415ABC2A}.Debug|ARM.Build.0 = Debug|ARM
		{808840BF-AD64-4155-9C41-461A415ABC2A}.Debug|ARM.Deploy.0 = Debug|ARM
		{808840BF-AD64-4155-9C41-461A415ABC2A}.Debug|iPhone.ActiveCfg = Debug|x86
		{808840BF-AD64-4155-9C41-461A415ABC2A}.Debug|iPhoneSimulator.ActiveCfg = Debug|x86
		{808840BF-AD64-4155-9C41-461A415ABC2A}.Debug|x64.ActiveCfg = Debug|x64
		{808840BF-AD64-4155-9C41-461A415ABC2A}.Debug|x64.Build.0 = Debug|x64
		{808840BF-AD64-4155-9C41-461A415ABC2A}.Debug|x64.Deploy.0 = Debug|x64
		{808840BF-AD64-4155-9C41-461A415ABC2A}.Debug|x86.ActiveCfg = Debug|x86
		{808840BF-AD64-4155-9C41-461A415ABC2A}.Debug|x86.Build.0 = Debug|x86
		{808840BF-AD64-4155-9C41-461A415ABC2A}.Debug|x86.Deploy.0 = Debug|x86
		{808840BF-AD64-4155-9C41-461A415ABC2A}.Release|Any CPU.ActiveCfg = Release|x86
		{808840BF-AD64-4155-9C41-461A415ABC2A}.Release|ARM.ActiveCfg = Release|ARM
		{808840BF-AD64-4155-9C41-461A415ABC2A}.Release|ARM.Build.0 = Release|ARM
		{808840BF-AD64-4155-9C41-461A415ABC2A}.Release|ARM.Deploy.0 = Release|ARM
		{808840BF-AD64-4155-9C41-461A415ABC2A}.Release|iPhone.ActiveCfg = Release|x86
		{808840BF-AD64-4155-9C41-461A415ABC2A}.Release|iPhoneSimulator.ActiveCfg = Release|x86
		{808840BF-AD64-4155-9C41-461A415ABC2A}.Release|x64.ActiveCfg = Release|x64
		{808840BF-AD64-4155-9C41-461A415ABC2A}.Release|x64.Build.0 = Release|x64
		{808840BF-AD64-4155-9C41-461A415ABC2A}.Release|x64.Deploy.0 = Release|x64
		{808840BF-AD64-4155-9C41-461A415ABC2A}.Release|x86.ActiveCfg = Release|x86
		{808840BF-AD64-4155-9C41-461A415ABC2A}.Release|x86.Build.0 = Release|x86
		{808840BF-AD64-4155-9C41-461A415ABC2A}.Release|x86.Deploy.0 = Release|x86
	EndGlobalSection
	GlobalSection(SolutionProperties) = preSolution
		HideSolutionNode = FALSE
	EndGlobalSection
	GlobalSection(ExtensibilityGlobals) = postSolution
		SolutionGuid = {7A4D9DEB-1375-4AD4-9BC8-8482152C8C81}
	EndGlobalSection
EndGlobal
